
Microsoft Visual Studio Solution File, Format Version 12.00
# Visual Studio Version 16
VisualStudioVersion = 16.0.29001.49
MinimumVisualStudioVersion = 10.0.40219.1
Project("{FAE04EC0-301F-11D3-BF4B-00C04F79EFBC}") = "Calculator", "Calculator\Calculator.csproj", "{8B7341A4-8354-4766-8B01-B6774E3E8C07}"
EndProject
Global
	GlobalSection(SolutionConfigurationPlatforms) = preSolution
		Debug|Any CPU = Debug|Any CPU
		Release|Any CPU = Release|Any CPU
	EndGlobalSection
	GlobalSection(ProjectConfigurationPlatforms) = postSolution
		{8B7341A4-8354-4766-8B01-B6774E3E8C07}.Debug|Any CPU.ActiveCfg = Debug|Any CPU
		{8B7341A4-8354-4766-8B01-B6774E3E8C07}.Debug|Any CPU.Build.0 = Debug|Any CPU
		{8B7341A4-8354-4766-8B01-B6774E3E8C07}.Release|Any CPU.ActiveCfg = Release|Any CPU
		{8B7341A4-8354-4766-8B01-B6774E3E8C07}.Release|Any CPU.Build.0 = Release|Any CPU
	EndGlobalSection
	GlobalSection(SolutionProperties) = preSolution
		HideSolutionNode = FALSE
	EndGlobalSection
	GlobalSection(ExtensibilityGlobals) = postSolution
		SolutionGuid = {F3BAAD30-9C15-46A3-85BB-AE0CFAB6A4FC}
	EndGlobalSection
EndGlobal
